
Microsoft Visual Studio Solution File, Format Version 12.00
# Visual Studio 2015
Project("{FAE04EC0-301F-11D3-BF4B-00C04F79EFBC}") = "taps_1", "taps_1.csproj", "{07B5B159-D399-0CD9-A025-F8BFD87AEE53}"
EndProject
Global
	GlobalSection(SolutionConfigurationPlatforms) = preSolution
		Debug|Any CPU = Debug|Any CPU
		Release|Any CPU = Release|Any CPU
	EndGlobalSection
	GlobalSection(ProjectConfigurationPlatforms) = postSolution
		{07B5B159-D399-0CD9-A025-F8BFD87AEE53}.Debug|Any CPU.ActiveCfg = Debug|Any CPU
		{07B5B159-D399-0CD9-A025-F8BFD87AEE53}.Debug|Any CPU.Build.0 = Debug|Any CPU
		{07B5B159-D399-0CD9-A025-F8BFD87AEE53}.Release|Any CPU.ActiveCfg = Release|Any CPU
		{07B5B159-D399-0CD9-A025-F8BFD87AEE53}.Release|Any CPU.Build.0 = Release|Any CPU
	EndGlobalSection
	GlobalSection(SolutionProperties) = preSolution
		HideSolutionNode = FALSE
	EndGlobalSection
EndGlobal
